
Microsoft Visual Studio Solution File, Format Version 12.00
# Visual Studio 2013
VisualStudioVersion = 12.0.31101.0
MinimumVisualStudioVersion = 10.0.40219.1
Project("{FAE04EC0-301F-11D3-BF4B-00C04F79EFBC}") = "GoldTeamProject", "GoldTeamProject\GoldTeamProject.csproj", "{487C02CE-8BA0-4F09-B293-D2F3DAE6A7C8}"
EndProject
Project("{2150E333-8FDC-42A3-9474-1A3956D46DE8}") = "PublishScripts", "PublishScripts", "{F471639C-4FAB-4D53-96B9-D2946201F6F0}"
	ProjectSection(SolutionItems) = preProject
		PublishScripts\AzureWebsitePublishModule.psm1 = PublishScripts\AzureWebsitePublishModule.psm1
		PublishScripts\Publish-WebApplicationWebsite.ps1 = PublishScripts\Publish-WebApplicationWebsite.ps1
	EndProjectSection
EndProject
Project("{2150E333-8FDC-42A3-9474-1A3956D46DE8}") = "Configurations", "Configurations", "{C2F5E81F-DA33-457F-A342-F7F0CEE6BE09}"
	ProjectSection(SolutionItems) = preProject
		PublishScripts\Configurations\GoldTeamProject-WAWS-dev.json = PublishScripts\Configurations\GoldTeamProject-WAWS-dev.json
	EndProjectSection
EndProject
Project("{2150E333-8FDC-42A3-9474-1A3956D46DE8}") = ".nuget", ".nuget", "{AACE763C-CD86-47A8-8553-7F695BB7289A}"
	ProjectSection(SolutionItems) = preProject
		.nuget\packages.config = .nuget\packages.config
	EndProjectSection
EndProject
Global
	GlobalSection(SolutionConfigurationPlatforms) = preSolution
		Debug|Any CPU = Debug|Any CPU
		Release|Any CPU = Release|Any CPU
	EndGlobalSection
	GlobalSection(ProjectConfigurationPlatforms) = postSolution
		{487C02CE-8BA0-4F09-B293-D2F3DAE6A7C8}.Debug|Any CPU.ActiveCfg = Debug|Any CPU
		{487C02CE-8BA0-4F09-B293-D2F3DAE6A7C8}.Debug|Any CPU.Build.0 = Debug|Any CPU
		{487C02CE-8BA0-4F09-B293-D2F3DAE6A7C8}.Release|Any CPU.ActiveCfg = Release|Any CPU
		{487C02CE-8BA0-4F09-B293-D2F3DAE6A7C8}.Release|Any CPU.Build.0 = Release|Any CPU
	EndGlobalSection
	GlobalSection(SolutionProperties) = preSolution
		HideSolutionNode = FALSE
	EndGlobalSection
	GlobalSection(NestedProjects) = preSolution
		{C2F5E81F-DA33-457F-A342-F7F0CEE6BE09} = {F471639C-4FAB-4D53-96B9-D2946201F6F0}
	EndGlobalSection
EndGlobal
